
Microsoft Visual Studio Solution File, Format Version 12.00
# Visual Studio Version 16
VisualStudioVersion = 16.0.31911.196
MinimumVisualStudioVersion = 10.0.40219.1
Project("{FAE04EC0-301F-11D3-BF4B-00C04F79EFBC}") = "OOP2", "OOP2.csproj", "{D56F2153-96D8-41ED-B6E9-7768398518DA}"
EndProject
Global
	GlobalSection(SolutionConfigurationPlatforms) = preSolution
		Debug|Any CPU = Debug|Any CPU
		Release|Any CPU = Release|Any CPU
	EndGlobalSection
	GlobalSection(ProjectConfigurationPlatforms) = postSolution
		{D56F2153-96D8-41ED-B6E9-7768398518DA}.Debug|Any CPU.ActiveCfg = Debug|Any CPU
		{D56F2153-96D8-41ED-B6E9-7768398518DA}.Debug|Any CPU.Build.0 = Debug|Any CPU
		{D56F2153-96D8-41ED-B6E9-7768398518DA}.Release|Any CPU.ActiveCfg = Release|Any CPU
		{D56F2153-96D8-41ED-B6E9-7768398518DA}.Release|Any CPU.Build.0 = Release|Any CPU
	EndGlobalSection
	GlobalSection(SolutionProperties) = preSolution
		HideSolutionNode = FALSE
	EndGlobalSection
	GlobalSection(ExtensibilityGlobals) = postSolution
		SolutionGuid = {C3A24C5C-9EA0-4757-96F4-1879F4FCBB2C}
	EndGlobalSection
EndGlobal
